
Microsoft Visual Studio Solution File, Format Version 12.00
# Visual Studio Version 17
VisualStudioVersion = 17.1.32210.238
MinimumVisualStudioVersion = 10.0.40219.1
Project("{9A19103F-16F7-4668-BE54-9A1E7A4F7556}") = "DomainLayer", "DomainLayer\DomainLayer.csproj", "{FBE06E3C-54AD-4BAF-B452-231C74553416}"
EndProject
Project("{9A19103F-16F7-4668-BE54-9A1E7A4F7556}") = "RepositoryLayer", "RepositoryLayer\RepositoryLayer.csproj", "{2B072F6B-E4B5-49C8-822B-A41E5EFB1C92}"
EndProject
Project("{9A19103F-16F7-4668-BE54-9A1E7A4F7556}") = "ServiesLayer", "ServiesLayer\ServiesLayer.csproj", "{E56190B0-C640-45AD-B732-4F36E35D1C72}"
EndProject
Project("{9A19103F-16F7-4668-BE54-9A1E7A4F7556}") = "APIProjectDemo", "APIProjectDemo\APIProjectDemo.csproj", "{5AEF5D8F-9EA1-4D0D-95E9-45B4936E7037}"
EndProject
Global
	GlobalSection(SolutionConfigurationPlatforms) = preSolution
		Debug|Any CPU = Debug|Any CPU
		Release|Any CPU = Release|Any CPU
	EndGlobalSection
	GlobalSection(ProjectConfigurationPlatforms) = postSolution
		{FBE06E3C-54AD-4BAF-B452-231C74553416}.Debug|Any CPU.ActiveCfg = Debug|Any CPU
		{FBE06E3C-54AD-4BAF-B452-231C74553416}.Debug|Any CPU.Build.0 = Debug|Any CPU
		{FBE06E3C-54AD-4BAF-B452-231C74553416}.Release|Any CPU.ActiveCfg = Release|Any CPU
		{FBE06E3C-54AD-4BAF-B452-231C74553416}.Release|Any CPU.Build.0 = Release|Any CPU
		{2B072F6B-E4B5-49C8-822B-A41E5EFB1C92}.Debug|Any CPU.ActiveCfg = Debug|Any CPU
		{2B072F6B-E4B5-49C8-822B-A41E5EFB1C92}.Debug|Any CPU.Build.0 = Debug|Any CPU
		{2B072F6B-E4B5-49C8-822B-A41E5EFB1C92}.Release|Any CPU.ActiveCfg = Release|Any CPU
		{2B072F6B-E4B5-49C8-822B-A41E5EFB1C92}.Release|Any CPU.Build.0 = Release|Any CPU
		{E56190B0-C640-45AD-B732-4F36E35D1C72}.Debug|Any CPU.ActiveCfg = Debug|Any CPU
		{E56190B0-C640-45AD-B732-4F36E35D1C72}.Debug|Any CPU.Build.0 = Debug|Any CPU
		{E56190B0-C640-45AD-B732-4F36E35D1C72}.Release|Any CPU.ActiveCfg = Release|Any CPU
		{E56190B0-C640-45AD-B732-4F36E35D1C72}.Release|Any CPU.Build.0 = Release|Any CPU
		{5AEF5D8F-9EA1-4D0D-95E9-45B4936E7037}.Debug|Any CPU.ActiveCfg = Debug|Any CPU
		{5AEF5D8F-9EA1-4D0D-95E9-45B4936E7037}.Debug|Any CPU.Build.0 = Debug|Any CPU
		{5AEF5D8F-9EA1-4D0D-95E9-45B4936E7037}.Release|Any CPU.ActiveCfg = Release|Any CPU
		{5AEF5D8F-9EA1-4D0D-95E9-45B4936E7037}.Release|Any CPU.Build.0 = Release|Any CPU
	EndGlobalSection
	GlobalSection(SolutionProperties) = preSolution
		HideSolutionNode = FALSE
	EndGlobalSection
	GlobalSection(ExtensibilityGlobals) = postSolution
		SolutionGuid = {A4AD57C1-79B1-4680-B7CD-56AD5DA38629}
	EndGlobalSection
EndGlobal
